PODS:
  - AMapFoundation (1.8.0)
  - AMapSearch (9.5.0):
    - AMapFoundation (>= 1.8.0)
  - Flutter (1.0.0)
  - tld_amapsearch (0.0.1):
    - AMapSearch (= 9.5)
    - Flutter

DEPENDENCIES:
  - Flutter (from `Flutter`)
  - tld_amapsearch (from `.symlinks/plugins/tld_amapsearch/ios`)

SPEC REPOS:
  trunk:
    - AMapFoundation
    - AMapSearch

EXTERNAL SOURCES:
  Flutter:
    :path: Flutter
  tld_amapsearch:
    :path: ".symlinks/plugins/tld_amapsearch/ios"

SPEC CHECKSUMS:
  AMapFoundation: f48153f724114b58da9b01875ab88a1f6856e3db
  AMapSearch: e0c81206b8ac1d27ef349095a96ea6398e3a0da3
  Flutter: f04841e97a9d0b0a8025694d0796dd46242b2854
  tld_amapsearch: 09d2b61f9bf3ffe19062e8ef3d06540248621e9d

PODFILE CHECKSUM: 663715e941f9adb426e33bf9376914006f9ea95b

COCOAPODS: 1.11.3
